// !$*UTF8*$!
{
	archiveVersion = 1;
	classes = {
	};
	objectVersion = 55;
	objects = {

/* Begin PBXBuildFile section */
		A67DA88928643ED3006B4789 /* AppDelegate.swift in Sources */ = {isa = PBXBuildFile; fileRef = A67DA88828643ED3006B4789 /* AppDelegate.swift */; };
		A67DA89228643ED4006B4789 /* Assets.xcassets in Resources */ = {isa = PBXBuildFile; fileRef = A67DA89128643ED4006B4789 /* Assets.xcassets */; };
		A67DA89528643ED4006B4789 /* LaunchScreen.storyboard in Resources */ = {isa = PBXBuildFile; fileRef = A67DA89328643ED4006B4789 /* LaunchScreen.storyboard */; };
		A67DA8A128644231006B4789 /* Then.swift in Sources */ = {isa = PBXBuildFile; fileRef = A67DA8A028644231006B4789 /* Then.swift */; };
		A67DA8A42864428E006B4789 /* SnapKit in Frameworks */ = {isa = PBXBuildFile; productRef = A67DA8A32864428E006B4789 /* SnapKit */; };
		A67DA8A6286442CD006B4789 /* MainViewController.swift in Sources */ = {isa = PBXBuildFile; fileRef = A67DA8A5286442CD006B4789 /* MainViewController.swift */; };
		A67DA8AA28644785006B4789 /* MonthCollectionViewCell.swift in Sources */ = {isa = PBXBuildFile; fileRef = A67DA8A928644785006B4789 /* MonthCollectionViewCell.swift */; };
		A67DA8AD28644EB6006B4789 /* UIColor+.swift in Sources */ = {isa = PBXBuildFile; fileRef = A67DA8AC28644EB6006B4789 /* UIColor+.swift */; };
		A67DA8B0286454F8006B4789 /* CalendarViewController.swift in Sources */ = {isa = PBXBuildFile; fileRef = A67DA8AF286454F8006B4789 /* CalendarViewController.swift */; };
		A67DA8B328645C87006B4789 /* DateTableViewCell.swift in Sources */ = {isa = PBXBuildFile; fileRef = A67DA8B228645C87006B4789 /* DateTableViewCell.swift */; };
		A684555D2874228C009CFBA5 /* DataModel.xcdatamodeld in Sources */ = {isa = PBXBuildFile; fileRef = A684555B2874228C009CFBA5 /* DataModel.xcdatamodeld */; };
		A684555F28742BDA009CFBA5 /* UIView+.swift in Sources */ = {isa = PBXBuildFile; fileRef = A684555E28742BDA009CFBA5 /* UIView+.swift */; };
		A684556128742D51009CFBA5 /* UIButton+.swift in Sources */ = {isa = PBXBuildFile; fileRef = A684556028742D51009CFBA5 /* UIButton+.swift */; };
		A684556328742FA3009CFBA5 /* UIImage+.swift in Sources */ = {isa = PBXBuildFile; fileRef = A684556228742FA3009CFBA5 /* UIImage+.swift */; };
		A6A343B0286D651E00A76C6C /* ConstraintMakerRelatable+.swift in Sources */ = {isa = PBXBuildFile; fileRef = A6A343AF286D651E00A76C6C /* ConstraintMakerRelatable+.swift */; };
		A6A343B4286D68B600A76C6C /* CalendarTicketView.swift in Sources */ = {isa = PBXBuildFile; fileRef = A6A343B3286D68B500A76C6C /* CalendarTicketView.swift */; };
		A6A343B9286D6AE600A76C6C /* Resource.swift in Sources */ = {isa = PBXBuildFile; fileRef = A6A343B8286D6AE600A76C6C /* Resource.swift */; };
		A6A343BB286D73DF00A76C6C /* ContentTicketView.swift in Sources */ = {isa = PBXBuildFile; fileRef = A6A343BA286D73DF00A76C6C /* ContentTicketView.swift */; };
		A6A343BD286D7C4C00A76C6C /* Metric.swift in Sources */ = {isa = PBXBuildFile; fileRef = A6A343BC286D7C4C00A76C6C /* Metric.swift */; };
		A6B660022872AA4900B4B1D9 /* SpendingInputViewController.swift in Sources */ = {isa = PBXBuildFile; fileRef = A6B660012872AA4900B4B1D9 /* SpendingInputViewController.swift */; };
		A6B660052872B07B00B4B1D9 /* SpendingInputView.swift in Sources */ = {isa = PBXBuildFile; fileRef = A6B660042872B07B00B4B1D9 /* SpendingInputView.swift */; };
		A6B6600A2872D3DF00B4B1D9 /* IQKeyboardManagerSwift in Frameworks */ = {isa = PBXBuildFile; productRef = A6B660092872D3DF00B4B1D9 /* IQKeyboardManagerSwift */; };
/* End PBXBuildFile section */

/* Begin PBXFileReference section */
		A67DA88528643ED3006B4789 /* Zpzg.app */ = {isa = PBXFileReference; explicitFileType = wrapper.application; includeInIndex = 0; path = Zpzg.app; sourceTree = BUILT_PRODUCTS_DIR; };
		A67DA88828643ED3006B4789 /* AppDelegate.swift */ = {isa = PBXFileReference; lastKnownFileType = sourcecode.swift; path = AppDelegate.swift; sourceTree = "<group>"; };
		A67DA89128643ED4006B4789 /* Assets.xcassets */ = {isa = PBXFileReference; lastKnownFileType = folder.assetcatalog; path = Assets.xcassets; sourceTree = "<group>"; };
		A67DA89428643ED4006B4789 /* Base */ = {isa = PBXFileReference; lastKnownFileType = file.storyboard; name = Base; path = Base.lproj/LaunchScreen.storyboard; sourceTree = "<group>"; };
		A67DA89628643ED4006B4789 /* Info.plist */ = {isa = PBXFileReference; lastKnownFileType = text.plist.xml; path = Info.plist; sourceTree = "<group>"; };
		A67DA8A028644231006B4789 /* Then.swift */ = {isa = PBXFileReference; lastKnownFileType = sourcecode.swift; path = Then.swift; sourceTree = "<group>"; };
		A67DA8A5286442CD006B4789 /* MainViewController.swift */ = {isa = PBXFileReference; lastKnownFileType = sourcecode.swift; path = MainViewController.swift; sourceTree = "<group>"; };
		A67DA8A928644785006B4789 /* MonthCollectionViewCell.swift */ = {isa = PBXFileReference; lastKnownFileType = sourcecode.swift; path = MonthCollectionViewCell.swift; sourceTree = "<group>"; };
		A67DA8AC28644EB6006B4789 /* UIColor+.swift */ = {isa = PBXFileReference; lastKnownFileType = sourcecode.swift; path = "UIColor+.swift"; sourceTree = "<group>"; };
		A67DA8AF286454F8006B4789 /* CalendarViewController.swift */ = {isa = PBXFileReference; lastKnownFileType = sourcecode.swift; path = CalendarViewController.swift; sourceTree = "<group>"; };
		A67DA8B228645C87006B4789 /* DateTableViewCell.swift */ = {isa = PBXFileReference; lastKnownFileType = sourcecode.swift; path = DateTableViewCell.swift; sourceTree = "<group>"; };
		A684555C2874228C009CFBA5 /* DataModel.xcdatamodel */ = {isa = PBXFileReference; lastKnownFileType = wrapper.xcdatamodel; path = DataModel.xcdatamodel; sourceTree = "<group>"; };
		A684555E28742BDA009CFBA5 /* UIView+.swift */ = {isa = PBXFileReference; lastKnownFileType = sourcecode.swift; path = "UIView+.swift"; sourceTree = "<group>"; };
		A684556028742D51009CFBA5 /* UIButton+.swift */ = {isa = PBXFileReference; lastKnownFileType = sourcecode.swift; path = "UIButton+.swift"; sourceTree = "<group>"; };
		A684556228742FA3009CFBA5 /* UIImage+.swift */ = {isa = PBXFileReference; lastKnownFileType = sourcecode.swift; path = "UIImage+.swift"; sourceTree = "<group>"; };
		A6A343AF286D651E00A76C6C /* ConstraintMakerRelatable+.swift */ = {isa = PBXFileReference; lastKnownFileType = sourcecode.swift; path = "ConstraintMakerRelatable+.swift"; sourceTree = "<group>"; };
		A6A343B3286D68B500A76C6C /* CalendarTicketView.swift */ = {isa = PBXFileReference; lastKnownFileType = sourcecode.swift; path = CalendarTicketView.swift; sourceTree = "<group>"; };
		A6A343B8286D6AE600A76C6C /* Resource.swift */ = {isa = PBXFileReference; lastKnownFileType = sourcecode.swift; path = Resource.swift; sourceTree = "<group>"; };
		A6A343BA286D73DF00A76C6C /* ContentTicketView.swift */ = {isa = PBXFileReference; lastKnownFileType = sourcecode.swift; path = ContentTicketView.swift; sourceTree = "<group>"; };
		A6A343BC286D7C4C00A76C6C /* Metric.swift */ = {isa = PBXFileReference; lastKnownFileType = sourcecode.swift; path = Metric.swift; sourceTree = "<group>"; };
		A6B660012872AA4900B4B1D9 /* SpendingInputViewController.swift */ = {isa = PBXFileReference; lastKnownFileType = sourcecode.swift; path = SpendingInputViewController.swift; sourceTree = "<group>"; };
		A6B660042872B07B00B4B1D9 /* SpendingInputView.swift */ = {isa = PBXFileReference; lastKnownFileType = sourcecode.swift; path = SpendingInputView.swift; sourceTree = "<group>"; };
/* End PBXFileReference section */

/* Begin PBXFrameworksBuildPhase section */
		A67DA88228643ED3006B4789 /* Frameworks */ = {
			isa = PBXFrameworksBuildPhase;
			buildActionMask = 2147483647;
			files = (
				A67DA8A42864428E006B4789 /* SnapKit in Frameworks */,
				A6B6600A2872D3DF00B4B1D9 /* IQKeyboardManagerSwift in Frameworks */,
			);
			runOnlyForDeploymentPostprocessing = 0;
		};
/* End PBXFrameworksBuildPhase section */

/* Begin PBXGroup section */
		A67DA87C28643ED3006B4789 = {
			isa = PBXGroup;
			children = (
				A67DA88728643ED3006B4789 /* Zpzg */,
				A67DA88628643ED3006B4789 /* Products */,
			);
			sourceTree = "<group>";
		};
		A67DA88628643ED3006B4789 /* Products */ = {
			isa = PBXGroup;
			children = (
				A67DA88528643ED3006B4789 /* Zpzg.app */,
			);
			name = Products;
			sourceTree = "<group>";
		};
		A67DA88728643ED3006B4789 /* Zpzg */ = {
			isa = PBXGroup;
			children = (
				A67DA89628643ED4006B4789 /* Info.plist */,
				A67DA89D28644206006B4789 /* Features */,
				A67DA8AB28644E9D006B4789 /* Extension */,
				A67DA89E2864420F006B4789 /* Foundations */,
				A6A343B5286D6ABB00A76C6C /* Service */,
				A67DA89C28644105006B4789 /* Supporting Files */,
			);
			path = Zpzg;
			sourceTree = "<group>";
		};
		A67DA89C28644105006B4789 /* Supporting Files */ = {
			isa = PBXGroup;
			children = (
				A67DA88828643ED3006B4789 /* AppDelegate.swift */,
				A67DA89328643ED4006B4789 /* LaunchScreen.storyboard */,
				A67DA89128643ED4006B4789 /* Assets.xcassets */,
				A684555B2874228C009CFBA5 /* DataModel.xcdatamodeld */,
			);
			path = "Supporting Files";
			sourceTree = "<group>";
		};
		A67DA89D28644206006B4789 /* Features */ = {
			isa = PBXGroup;
			children = (
				A67DA8A7286446DA006B4789 /* Main */,
				A67DA8AE286454B1006B4789 /* Calendar */,
				A67DA8B42864610C006B4789 /* Spending */,
			);
			path = Features;
			sourceTree = "<group>";
		};
		A67DA89E2864420F006B4789 /* Foundations */ = {
			isa = PBXGroup;
			children = (
				A67DA89F28644222006B4789 /* Then */,
			);
			path = Foundations;
			sourceTree = "<group>";
		};
		A67DA89F28644222006B4789 /* Then */ = {
			isa = PBXGroup;
			children = (
				A67DA8A028644231006B4789 /* Then.swift */,
			);
			name = Then;
			sourceTree = "<group>";
		};
		A67DA8A7286446DA006B4789 /* Main */ = {
			isa = PBXGroup;
			children = (
				A67DA8A8286446F9006B4789 /* Subviews */,
				A67DA8A5286442CD006B4789 /* MainViewController.swift */,
			);
			path = Main;
			sourceTree = "<group>";
		};
		A67DA8A8286446F9006B4789 /* Subviews */ = {
			isa = PBXGroup;
			children = (
				A67DA8A928644785006B4789 /* MonthCollectionViewCell.swift */,
			);
			path = Subviews;
			sourceTree = "<group>";
		};
		A67DA8AB28644E9D006B4789 /* Extension */ = {
			isa = PBXGroup;
			children = (
				A684555E28742BDA009CFBA5 /* UIView+.swift */,
				A67DA8AC28644EB6006B4789 /* UIColor+.swift */,
				A684556228742FA3009CFBA5 /* UIImage+.swift */,
				A684556028742D51009CFBA5 /* UIButton+.swift */,
				A6A343AF286D651E00A76C6C /* ConstraintMakerRelatable+.swift */,
			);
			path = Extension;
			sourceTree = "<group>";
		};
		A67DA8AE286454B1006B4789 /* Calendar */ = {
			isa = PBXGroup;
			children = (
				A67DA8B128645C3C006B4789 /* Subviews */,
				A67DA8AF286454F8006B4789 /* CalendarViewController.swift */,
			);
			path = Calendar;
			sourceTree = "<group>";
		};
		A67DA8B128645C3C006B4789 /* Subviews */ = {
			isa = PBXGroup;
			children = (
				A67DA8B228645C87006B4789 /* DateTableViewCell.swift */,
				A6A343B3286D68B500A76C6C /* CalendarTicketView.swift */,
				A6A343BA286D73DF00A76C6C /* ContentTicketView.swift */,
			);
			path = Subviews;
			sourceTree = "<group>";
		};
		A67DA8B42864610C006B4789 /* Spending */ = {
			isa = PBXGroup;
			children = (
				A6B660032872B06800B4B1D9 /* Subviews */,
				A6B660012872AA4900B4B1D9 /* SpendingInputViewController.swift */,
			);
			path = Spending;
			sourceTree = "<group>";
		};
		A6A343B5286D6ABB00A76C6C /* Service */ = {
			isa = PBXGroup;
			children = (
				A6A343B8286D6AE600A76C6C /* Resource.swift */,
				A6A343BC286D7C4C00A76C6C /* Metric.swift */,
			);
			name = Service;
			path = Foundations;
			sourceTree = "<group>";
		};
		A6B660032872B06800B4B1D9 /* Subviews */ = {
			isa = PBXGroup;
			children = (
				A6B660042872B07B00B4B1D9 /* SpendingInputView.swift */,
			);
			path = Subviews;
			sourceTree = "<group>";
		};
/* End PBXGroup section */

/* Begin PBXNativeTarget section */
		A67DA88428643ED3006B4789 /* Zpzg */ = {
			isa = PBXNativeTarget;
			buildConfigurationList = A67DA89928643ED4006B4789 /* Build configuration list for PBXNativeTarget "Zpzg" */;
			buildPhases = (
				A67DA88128643ED3006B4789 /* Sources */,
				A67DA88228643ED3006B4789 /* Frameworks */,
				A67DA88328643ED3006B4789 /* Resources */,
			);
			buildRules = (
			);
			dependencies = (
			);
			name = Zpzg;
			packageProductDependencies = (
				A67DA8A32864428E006B4789 /* SnapKit */,
				A6B660092872D3DF00B4B1D9 /* IQKeyboardManagerSwift */,
			);
			productName = Zpzg;
			productReference = A67DA88528643ED3006B4789 /* Zpzg.app */;
			productType = "com.apple.product-type.application";
		};
/* End PBXNativeTarget section */

/* Begin PBXProject section */
		A67DA87D28643ED3006B4789 /* Project object */ = {
			isa = PBXProject;
			attributes = {
				BuildIndependentTargetsInParallel = 1;
				LastSwiftUpdateCheck = 1320;
				LastUpgradeCheck = 1320;
				TargetAttributes = {
					A67DA88428643ED3006B4789 = {
						CreatedOnToolsVersion = 13.2.1;
					};
				};
			};
			buildConfigurationList = A67DA88028643ED3006B4789 /* Build configuration list for PBXProject "Zpzg" */;
			compatibilityVersion = "Xcode 13.0";
			developmentRegion = en;
			hasScannedForEncodings = 0;
			knownRegions = (
				en,
				Base,
			);
			mainGroup = A67DA87C28643ED3006B4789;
			packageReferences = (
				A67DA8A22864428E006B4789 /* XCRemoteSwiftPackageReference "SnapKit" */,
				A6B660082872D3DF00B4B1D9 /* XCRemoteSwiftPackageReference "IQKeyboardManager" */,
			);
			productRefGroup = A67DA88628643ED3006B4789 /* Products */;
			projectDirPath = "";
			projectRoot = "";
			targets = (
				A67DA88428643ED3006B4789 /* Zpzg */,
			);
		};
/* End PBXProject section */

/* Begin PBXResourcesBuildPhase section */
		A67DA88328643ED3006B4789 /* Resources */ = {
			isa = PBXResourcesBuildPhase;
			buildActionMask = 2147483647;
			files = (
				A67DA89528643ED4006B4789 /* LaunchScreen.storyboard in Resources */,
				A67DA89228643ED4006B4789 /* Assets.xcassets in Resources */,
			);
			runOnlyForDeploymentPostprocessing = 0;
		};
/* End PBXResourcesBuildPhase section */

/* Begin PBXSourcesBuildPhase section */
		A67DA88128643ED3006B4789 /* Sources */ = {
			isa = PBXSourcesBuildPhase;
			buildActionMask = 2147483647;
			files = (
				A67DA8B328645C87006B4789 /* DateTableViewCell.swift in Sources */,
				A67DA8B0286454F8006B4789 /* CalendarViewController.swift in Sources */,
				A67DA8A128644231006B4789 /* Then.swift in Sources */,
				A6A343BD286D7C4C00A76C6C /* Metric.swift in Sources */,
				A684556128742D51009CFBA5 /* UIButton+.swift in Sources */,
				A6A343B9286D6AE600A76C6C /* Resource.swift in Sources */,
				A6B660022872AA4900B4B1D9 /* SpendingInputViewController.swift in Sources */,
				A684555D2874228C009CFBA5 /* DataModel.xcdatamodeld in Sources */,
				A6A343BB286D73DF00A76C6C /* ContentTicketView.swift in Sources */,
				A67DA8AA28644785006B4789 /* MonthCollectionViewCell.swift in Sources */,
				A67DA88928643ED3006B4789 /* AppDelegate.swift in Sources */,
				A67DA8A6286442CD006B4789 /* MainViewController.swift in Sources */,
				A6A343B4286D68B600A76C6C /* CalendarTicketView.swift in Sources */,
				A684555F28742BDA009CFBA5 /* UIView+.swift in Sources */,
				A6A343B0286D651E00A76C6C /* ConstraintMakerRelatable+.swift in Sources */,
				A684556328742FA3009CFBA5 /* UIImage+.swift in Sources */,
				A67DA8AD28644EB6006B4789 /* UIColor+.swift in Sources */,
				A6B660052872B07B00B4B1D9 /* SpendingInputView.swift in Sources */,
			);
			runOnlyForDeploymentPostprocessing = 0;
		};
/* End PBXSourcesBuildPhase section */

/* Begin PBXVariantGroup section */
		A67DA89328643ED4006B4789 /* LaunchScreen.storyboard */ = {
			isa = PBXVariantGroup;
			children = (
				A67DA89428643ED4006B4789 /* Base */,
			);
			name = LaunchScreen.storyboard;
			sourceTree = "<group>";
		};
/* End PBXVariantGroup section */

/* Begin XCBuildConfiguration section */
		A67DA89728643ED4006B4789 /* Debug */ = {
			isa = XCBuildConfiguration;
			buildSettings = {
				ALWAYS_SEARCH_USER_PATHS = NO;
				CLANG_ANALYZER_NONNULL = YES;
				CLANG_ANALYZER_NUMBER_OBJECT_CONVERSION = YES_AGGRESSIVE;
				CLANG_CXX_LANGUAGE_STANDARD = "gnu++17";
				CLANG_CXX_LIBRARY = "libc++";
				CLANG_ENABLE_MODULES = YES;
				CLANG_ENABLE_OBJC_ARC = YES;
				CLANG_ENABLE_OBJC_WEAK = YES;
				CLANG_WARN_BLOCK_CAPTURE_AUTORELEASING = YES;
				CLANG_WARN_BOOL_CONVERSION = YES;
				CLANG_WARN_COMMA = YES;
				CLANG_WARN_CONSTANT_CONVERSION = YES;
				CLANG_WARN_DEPRECATED_OBJC_IMPLEMENTATIONS = YES;
				CLANG_WARN_DIRECT_OBJC_ISA_USAGE = YES_ERROR;
				CLANG_WARN_DOCUMENTATION_COMMENTS = YES;
				CLANG_WARN_EMPTY_BODY = YES;
				CLANG_WARN_ENUM_CONVERSION = YES;
				CLANG_WARN_INFINITE_RECURSION = YES;
				CLANG_WARN_INT_CONVERSION = YES;
				CLANG_WARN_NON_LITERAL_NULL_CONVERSION = YES;
				CLANG_WARN_OBJC_IMPLICIT_RETAIN_SELF = YES;
				CLANG_WARN_OBJC_LITERAL_CONVERSION = YES;
				CLANG_WARN_OBJC_ROOT_CLASS = YES_ERROR;
				CLANG_WARN_QUOTED_INCLUDE_IN_FRAMEWORK_HEADER = YES;
				CLANG_WARN_RANGE_LOOP_ANALYSIS = YES;
				CLANG_WARN_STRICT_PROTOTYPES = YES;
				CLANG_WARN_SUSPICIOUS_MOVE = YES;
				CLANG_WARN_UNGUARDED_AVAILABILITY = YES_AGGRESSIVE;
				CLANG_WARN_UNREACHABLE_CODE = YES;
				CLANG_WARN__DUPLICATE_METHOD_MATCH = YES;
				COPY_PHASE_STRIP = NO;
				DEBUG_INFORMATION_FORMAT = dwarf;
				ENABLE_STRICT_OBJC_MSGSEND = YES;
				ENABLE_TESTABILITY = YES;
				GCC_C_LANGUAGE_STANDARD = gnu11;
				GCC_DYNAMIC_NO_PIC = NO;
				GCC_NO_COMMON_BLOCKS = YES;
				GCC_OPTIMIZATION_LEVEL = 0;
				GCC_PREPROCESSOR_DEFINITIONS = (
					"DEBUG=1",
					"$(inherited)",
				);
				GCC_WARN_64_TO_32_BIT_CONVERSION = YES;
				GCC_WARN_ABOUT_RETURN_TYPE = YES_ERROR;
				GCC_WARN_UNDECLARED_SELECTOR = YES;
				GCC_WARN_UNINITIALIZED_AUTOS = YES_AGGRESSIVE;
				GCC_WARN_UNUSED_FUNCTION = YES;
				GCC_WARN_UNUSED_VARIABLE = YES;
				IPHONEOS_DEPLOYMENT_TARGET = 13.0;
				MTL_ENABLE_DEBUG_INFO = INCLUDE_SOURCE;
				MTL_FAST_MATH = YES;
				ONLY_ACTIVE_ARCH = YES;
				SDKROOT = iphoneos;
				SWIFT_ACTIVE_COMPILATION_CONDITIONS = DEBUG;
				SWIFT_OPTIMIZATION_LEVEL = "-Onone";
			};
			name = Debug;
		};
		A67DA89828643ED4006B4789 /* Release */ = {
			isa = XCBuildConfiguration;
			buildSettings = {
				ALWAYS_SEARCH_USER_PATHS = NO;
				CLANG_ANALYZER_NONNULL = YES;
				CLANG_ANALYZER_NUMBER_OBJECT_CONVERSION = YES_AGGRESSIVE;
				CLANG_CXX_LANGUAGE_STANDARD = "gnu++17";
				CLANG_CXX_LIBRARY = "libc++";
				CLANG_ENABLE_MODULES = YES;
				CLANG_ENABLE_OBJC_ARC = YES;
				CLANG_ENABLE_OBJC_WEAK = YES;
				CLANG_WARN_BLOCK_CAPTURE_AUTORELEASING = YES;
				CLANG_WARN_BOOL_CONVERSION = YES;
				CLANG_WARN_COMMA = YES;
				CLANG_WARN_CONSTANT_CONVERSION = YES;
				CLANG_WARN_DEPRECATED_OBJC_IMPLEMENTATIONS = YES;
				CLANG_WARN_DIRECT_OBJC_ISA_USAGE = YES_ERROR;
				CLANG_WARN_DOCUMENTATION_COMMENTS = YES;
				CLANG_WARN_EMPTY_BODY = YES;
				CLANG_WARN_ENUM_CONVERSION = YES;
				CLANG_WARN_INFINITE_RECURSION = YES;
				CLANG_WARN_INT_CONVERSION = YES;
				CLANG_WARN_NON_LITERAL_NULL_CONVERSION = YES;
				CLANG_WARN_OBJC_IMPLICIT_RETAIN_SELF = YES;
				CLANG_WARN_OBJC_LITERAL_CONVERSION = YES;
				CLANG_WARN_OBJC_ROOT_CLASS = YES_ERROR;
				CLANG_WARN_QUOTED_INCLUDE_IN_FRAMEWORK_HEADER = YES;
				CLANG_WARN_RANGE_LOOP_ANALYSIS = YES;
				CLANG_WARN_STRICT_PROTOTYPES = YES;
				CLANG_WARN_SUSPICIOUS_MOVE = YES;
				CLANG_WARN_UNGUARDED_AVAILABILITY = YES_AGGRESSIVE;
				CLANG_WARN_UNREACHABLE_CODE = YES;
				CLANG_WARN__DUPLICATE_METHOD_MATCH = YES;
				COPY_PHASE_STRIP = NO;
				DEBUG_INFORMATION_FORMAT = "dwarf-with-dsym";
				ENABLE_NS_ASSERTIONS = NO;
				ENABLE_STRICT_OBJC_MSGSEND = YES;
				GCC_C_LANGUAGE_STANDARD = gnu11;
				GCC_NO_COMMON_BLOCKS = YES;
				GCC_WARN_64_TO_32_BIT_CONVERSION = YES;
				GCC_WARN_ABOUT_RETURN_TYPE = YES_ERROR;
				GCC_WARN_UNDECLARED_SELECTOR = YES;
				GCC_WARN_UNINITIALIZED_AUTOS = YES_AGGRESSIVE;
				GCC_WARN_UNUSED_FUNCTION = YES;
				GCC_WARN_UNUSED_VARIABLE = YES;
				IPHONEOS_DEPLOYMENT_TARGET = 13.0;
				MTL_ENABLE_DEBUG_INFO = NO;
				MTL_FAST_MATH = YES;
				SDKROOT = iphoneos;
				SWIFT_COMPILATION_MODE = wholemodule;
				SWIFT_OPTIMIZATION_LEVEL = "-O";
				VALIDATE_PRODUCT = YES;
			};
			name = Release;
		};
		A67DA89A28643ED4006B4789 /* Debug */ = {
			isa = XCBuildConfiguration;
			buildSettings = {
				ASSETCATALOG_COMPILER_APPICON_NAME = AppIcon;
				ASSETCATALOG_COMPILER_GLOBAL_ACCENT_COLOR_NAME = AccentColor;
				CODE_SIGN_STYLE = Automatic;
				CURRENT_PROJECT_VERSION = 1;
				DEVELOPMENT_TEAM = HU8RMC793N;
				GENERATE_INFOPLIST_FILE = YES;
				INFOPLIST_FILE = Zpzg/Info.plist;
				INFOPLIST_KEY_CFBundleDisplayName = "지피지기";
				INFOPLIST_KEY_UIApplicationSupportsIndirectInputEvents = YES;
				INFOPLIST_KEY_UILaunchStoryboardName = LaunchScreen;
				INFOPLIST_KEY_UIMainStoryboardFile = LaunchScreen;
				INFOPLIST_KEY_UISupportedInterfaceOrientations_iPad = "UIInterfaceOrientationPortrait UIInterfaceOrientationPortraitUpsideDown UIInterfaceOrientationLandscapeLeft UIInterfaceOrientationLandscapeRight";
				INFOPLIST_KEY_UISupportedInterfaceOrientations_iPhone = "UIInterfaceOrientationPortrait UIInterfaceOrientationLandscapeLeft UIInterfaceOrientationLandscapeRight";
				LD_RUNPATH_SEARCH_PATHS = (
					"$(inherited)",
					"@executable_path/Frameworks",
				);
				MARKETING_VERSION = 1.0;
				PRODUCT_BUNDLE_IDENTIFIER = com.textobey.Zpzg;
				PRODUCT_NAME = "$(TARGET_NAME)";
				SWIFT_EMIT_LOC_STRINGS = YES;
				SWIFT_VERSION = 5.0;
				TARGETED_DEVICE_FAMILY = "1,2";
			};
			name = Debug;
		};
		A67DA89B28643ED4006B4789 /* Release */ = {
			isa = XCBuildConfiguration;
			buildSettings = {
				ASSETCATALOG_COMPILER_APPICON_NAME = AppIcon;
				ASSETCATALOG_COMPILER_GLOBAL_ACCENT_COLOR_NAME = AccentColor;
				CODE_SIGN_STYLE = Automatic;
				CURRENT_PROJECT_VERSION = 1;
				DEVELOPMENT_TEAM = HU8RMC793N;
				GENERATE_INFOPLIST_FILE = YES;
				INFOPLIST_FILE = Zpzg/Info.plist;
				INFOPLIST_KEY_CFBundleDisplayName = "지피지기";
				INFOPLIST_KEY_UIApplicationSupportsIndirectInputEvents = YES;
				INFOPLIST_KEY_UILaunchStoryboardName = LaunchScreen;
				INFOPLIST_KEY_UIMainStoryboardFile = LaunchScreen;
				INFOPLIST_KEY_UISupportedInterfaceOrientations_iPad = "UIInterfaceOrientationPortrait UIInterfaceOrientationPortraitUpsideDown UIInterfaceOrientationLandscapeLeft UIInterfaceOrientationLandscapeRight";
				INFOPLIST_KEY_UISupportedInterfaceOrientations_iPhone = "UIInterfaceOrientationPortrait UIInterfaceOrientationLandscapeLeft UIInterfaceOrientationLandscapeRight";
				LD_RUNPATH_SEARCH_PATHS = (
					"$(inherited)",
					"@executable_path/Frameworks",
				);
				MARKETING_VERSION = 1.0;
				PRODUCT_BUNDLE_IDENTIFIER = com.textobey.Zpzg;
				PRODUCT_NAME = "$(TARGET_NAME)";
				SWIFT_EMIT_LOC_STRINGS = YES;
				SWIFT_VERSION = 5.0;
				TARGETED_DEVICE_FAMILY = "1,2";
			};
			name = Release;
		};
/* End XCBuildConfiguration section */

/* Begin XCConfigurationList section */
		A67DA88028643ED3006B4789 /* Build configuration list for PBXProject "Zpzg" */ = {
			isa = XCConfigurationList;
			buildConfigurations = (
				A67DA89728643ED4006B4789 /* Debug */,
				A67DA89828643ED4006B4789 /* Release */,
			);
			defaultConfigurationIsVisible = 0;
			defaultConfigurationName = Release;
		};
		A67DA89928643ED4006B4789 /* Build configuration list for PBXNativeTarget "Zpzg" */ = {
			isa = XCConfigurationList;
			buildConfigurations = (
				A67DA89A28643ED4006B4789 /* Debug */,
				A67DA89B28643ED4006B4789 /* Release */,
			);
			defaultConfigurationIsVisible = 0;
			defaultConfigurationName = Release;
		};
/* End XCConfigurationList section */

/* Begin XCRemoteSwiftPackageReference section */
		A67DA8A22864428E006B4789 /* XCRemoteSwiftPackageReference "SnapKit" */ = {
			isa = XCRemoteSwiftPackageReference;
			repositoryURL = "https://github.com/SnapKit/SnapKit.git";
			requirement = {
				kind = exactVersion;
				version = 5.0.1;
			};
		};
		A6B660082872D3DF00B4B1D9 /* XCRemoteSwiftPackageReference "IQKeyboardManager" */ = {
			isa = XCRemoteSwiftPackageReference;
			repositoryURL = "https://github.com/hackiftekhar/IQKeyboardManager.git";
			requirement = {
				kind = exactVersion;
				version = 6.5.0;
			};
		};
/* End XCRemoteSwiftPackageReference section */

/* Begin XCSwiftPackageProductDependency section */
		A67DA8A32864428E006B4789 /* SnapKit */ = {
			isa = XCSwiftPackageProductDependency;
			package = A67DA8A22864428E006B4789 /* XCRemoteSwiftPackageReference "SnapKit" */;
			productName = SnapKit;
		};
		A6B660092872D3DF00B4B1D9 /* IQKeyboardManagerSwift */ = {
			isa = XCSwiftPackageProductDependency;
			package = A6B660082872D3DF00B4B1D9 /* XCRemoteSwiftPackageReference "IQKeyboardManager" */;
			productName = IQKeyboardManagerSwift;
		};
/* End XCSwiftPackageProductDependency section */

/* Begin XCVersionGroup section */
		A684555B2874228C009CFBA5 /* DataModel.xcdatamodeld */ = {
			isa = XCVersionGroup;
			children = (
				A684555C2874228C009CFBA5 /* DataModel.xcdatamodel */,
			);
			currentVersion = A684555C2874228C009CFBA5 /* DataModel.xcdatamodel */;
			path = DataModel.xcdatamodeld;
			sourceTree = "<group>";
			versionGroupType = wrapper.xcdatamodel;
		};
/* End XCVersionGroup section */
	};
	rootObject = A67DA87D28643ED3006B4789 /* Project object */;
}
